
Microsoft Visual Studio Solution File, Format Version 12.00
# Visual Studio 14
VisualStudioVersion = 14.0.25123.0
MinimumVisualStudioVersion = 10.0.40219.1
Project("{FAE04EC0-301F-11D3-BF4B-00C04F79EFBC}") = "PruebaChuck", "PruebaChuck\PruebaChuck.csproj", "{39F15B0B-01A9-44DD-B0F8-9051EE0C88CE}"
EndProject
Global
	GlobalSection(SolutionConfigurationPlatforms) = preSolution
		Debug|Any CPU = Debug|Any CPU
		Release|Any CPU = Release|Any CPU
	EndGlobalSection
	GlobalSection(ProjectConfigurationPlatforms) = postSolution
		{39F15B0B-01A9-44DD-B0F8-9051EE0C88CE}.Debug|Any CPU.ActiveCfg = Debug|Any CPU
		{39F15B0B-01A9-44DD-B0F8-9051EE0C88CE}.Debug|Any CPU.Build.0 = Debug|Any CPU
		{39F15B0B-01A9-44DD-B0F8-9051EE0C88CE}.Release|Any CPU.ActiveCfg = Release|Any CPU
		{39F15B0B-01A9-44DD-B0F8-9051EE0C88CE}.Release|Any CPU.Build.0 = Release|Any CPU
	EndGlobalSection
	GlobalSection(SolutionProperties) = preSolution
		HideSolutionNode = FALSE
	EndGlobalSection
EndGlobal
